
Microsoft Visual Studio Solution File, Format Version 12.00
# Visual Studio Version 16
VisualStudioVersion = 16.0.31205.134
MinimumVisualStudioVersion = 10.0.40219.1
Project("{FAE04EC0-301F-11D3-BF4B-00C04F79EFBC}") = "Rosas.Consola", "Rosas.Consola\Rosas.Consola.csproj", "{B49DA75E-7758-4A3B-8125-D439CCDEC068}"
EndProject
Project("{FAE04EC0-301F-11D3-BF4B-00C04F79EFBC}") = "Entidades", "Entidades\Entidades.csproj", "{C7406D0D-D501-4ED4-984E-766523B404FC}"
EndProject
Global
	GlobalSection(SolutionConfigurationPlatforms) = preSolution
		Debug|Any CPU = Debug|Any CPU
		Release|Any CPU = Release|Any CPU
	EndGlobalSection
	GlobalSection(ProjectConfigurationPlatforms) = postSolution
		{B49DA75E-7758-4A3B-8125-D439CCDEC068}.Debug|Any CPU.ActiveCfg = Debug|Any CPU
		{B49DA75E-7758-4A3B-8125-D439CCDEC068}.Debug|Any CPU.Build.0 = Debug|Any CPU
		{B49DA75E-7758-4A3B-8125-D439CCDEC068}.Release|Any CPU.ActiveCfg = Release|Any CPU
		{B49DA75E-7758-4A3B-8125-D439CCDEC068}.Release|Any CPU.Build.0 = Release|Any CPU
		{C7406D0D-D501-4ED4-984E-766523B404FC}.Debug|Any CPU.ActiveCfg = Debug|Any CPU
		{C7406D0D-D501-4ED4-984E-766523B404FC}.Debug|Any CPU.Build.0 = Debug|Any CPU
		{C7406D0D-D501-4ED4-984E-766523B404FC}.Release|Any CPU.ActiveCfg = Release|Any CPU
		{C7406D0D-D501-4ED4-984E-766523B404FC}.Release|Any CPU.Build.0 = Release|Any CPU
	EndGlobalSection
	GlobalSection(SolutionProperties) = preSolution
		HideSolutionNode = FALSE
	EndGlobalSection
	GlobalSection(ExtensibilityGlobals) = postSolution
		SolutionGuid = {A51BDD3D-0D2C-4456-9803-987B63688D9E}
	EndGlobalSection
EndGlobal
